// !$*UTF8*$!
{
	archiveVersion = 1;
	classes = {
	};
	objectVersion = 50;
	objects = {

/* Begin PBXBuildFile section */
		3BEADA172179C8B500B16616 /* AppDelegate.swift in Sources */ = {isa = PBXBuildFile; fileRef = 3BEADA162179C8B500B16616 /* AppDelegate.swift */; };
		3BEADA192179C8B500B16616 /* ViewController.swift in Sources */ = {isa = PBXBuildFile; fileRef = 3BEADA182179C8B500B16616 /* ViewController.swift */; };
		3BEADA1C2179C8B500B16616 /* Main.storyboard in Resources */ = {isa = PBXBuildFile; fileRef = 3BEADA1A2179C8B500B16616 /* Main.storyboard */; };
		3BEADA1E2179C8BB00B16616 /* Assets.xcassets in Resources */ = {isa = PBXBuildFile; fileRef = 3BEADA1D2179C8BB00B16616 /* Assets.xcassets */; };
		3BEADA212179C8BB00B16616 /* LaunchScreen.storyboard in Resources */ = {isa = PBXBuildFile; fileRef = 3BEADA1F2179C8BB00B16616 /* LaunchScreen.storyboard */; };
		3BEADA2C2179C8BB00B16616 /* swift_companionTests.swift in Sources */ = {isa = PBXBuildFile; fileRef = 3BEADA2B2179C8BB00B16616 /* swift_companionTests.swift */; };
		3BEADA372179C8BB00B16616 /* swift_companionUITests.swift in Sources */ = {isa = PBXBuildFile; fileRef = 3BEADA362179C8BB00B16616 /* swift_companionUITests.swift */; };
		3BEADA45217A35DA00B16616 /* FirstViewController.swift in Sources */ = {isa = PBXBuildFile; fileRef = 3BEADA44217A35DA00B16616 /* FirstViewController.swift */; };
		79324F1C6596382A2E0534D5 /* Pods_swift_companionTests.framework in Frameworks */ = {isa = PBXBuildFile; fileRef = 62241E6E47707F48397E6BFD /* Pods_swift_companionTests.framework */; };
		9856CEE8DBA589BA2D45A567 /* Pods_swift_companion.framework in Frameworks */ = {isa = PBXBuildFile; fileRef = D385130D6CD9424F0E18277D /* Pods_swift_companion.framework */; };
		BBF206E5D57569ACAADFADE1 /* Pods_swift_companionUITests.framework in Frameworks */ = {isa = PBXBuildFile; fileRef = 27EDC798042068AFAEF021F9 /* Pods_swift_companionUITests.framework */; };
/* End PBXBuildFile section */

/* Begin PBXContainerItemProxy section */
		3BEADA282179C8BB00B16616 /* PBXContainerItemProxy */ = {
			isa = PBXContainerItemProxy;
			containerPortal = 3BEADA0B2179C8B500B16616 /* Project object */;
			proxyType = 1;
			remoteGlobalIDString = 3BEADA122179C8B500B16616;
			remoteInfo = "swift-companion";
		};
		3BEADA332179C8BB00B16616 /* PBXContainerItemProxy */ = {
			isa = PBXContainerItemProxy;
			containerPortal = 3BEADA0B2179C8B500B16616 /* Project object */;
			proxyType = 1;
			remoteGlobalIDString = 3BEADA122179C8B500B16616;
			remoteInfo = "swift-companion";
		};
/* End PBXContainerItemProxy section */

/* Begin PBXFileReference section */
		03EC5752FD48C77780509A14 /* Pods-swift-companionTests.debug.xcconfig */ = {isa = PBXFileReference; includeInIndex = 1; lastKnownFileType = text.xcconfig; name = "Pods-swift-companionTests.debug.xcconfig"; path = "Pods/Target Support Files/Pods-swift-companionTests/Pods-swift-companionTests.debug.xcconfig"; sourceTree = "<group>"; };
		27EDC798042068AFAEF021F9 /* Pods_swift_companionUITests.framework */ = {isa = PBXFileReference; explicitFileType = wrapper.framework; includeInIndex = 0; path = Pods_swift_companionUITests.framework; sourceTree = BUILT_PRODUCTS_DIR; };
		37C406A253503AB32BD44372 /* Pods-swift-companionTests.release.xcconfig */ = {isa = PBXFileReference; includeInIndex = 1; lastKnownFileType = text.xcconfig; name = "Pods-swift-companionTests.release.xcconfig"; path = "Pods/Target Support Files/Pods-swift-companionTests/Pods-swift-companionTests.release.xcconfig"; sourceTree = "<group>"; };
		3BEADA132179C8B500B16616 /* swift-companion.app */ = {isa = PBXFileReference; explicitFileType = wrapper.application; includeInIndex = 0; path = "swift-companion.app"; sourceTree = BUILT_PRODUCTS_DIR; };
		3BEADA162179C8B500B16616 /* AppDelegate.swift */ = {isa = PBXFileReference; lastKnownFileType = sourcecode.swift; path = AppDelegate.swift; sourceTree = "<group>"; };
		3BEADA182179C8B500B16616 /* ViewController.swift */ = {isa = PBXFileReference; lastKnownFileType = sourcecode.swift; path = ViewController.swift; sourceTree = "<group>"; };
		3BEADA1B2179C8B500B16616 /* Base */ = {isa = PBXFileReference; lastKnownFileType = file.storyboard; name = Base; path = Base.lproj/Main.storyboard; sourceTree = "<group>"; };
		3BEADA1D2179C8BB00B16616 /* Assets.xcassets */ = {isa = PBXFileReference; lastKnownFileType = folder.assetcatalog; path = Assets.xcassets; sourceTree = "<group>"; };
		3BEADA202179C8BB00B16616 /* Base */ = {isa = PBXFileReference; lastKnownFileType = file.storyboard; name = Base; path = Base.lproj/LaunchScreen.storyboard; sourceTree = "<group>"; };
		3BEADA222179C8BB00B16616 /* Info.plist */ = {isa = PBXFileReference; lastKnownFileType = text.plist.xml; path = Info.plist; sourceTree = "<group>"; };
		3BEADA272179C8BB00B16616 /* swift-companionTests.xctest */ = {isa = PBXFileReference; explicitFileType = wrapper.cfbundle; includeInIndex = 0; path = "swift-companionTests.xctest"; sourceTree = BUILT_PRODUCTS_DIR; };
		3BEADA2B2179C8BB00B16616 /* swift_companionTests.swift */ = {isa = PBXFileReference; lastKnownFileType = sourcecode.swift; path = swift_companionTests.swift; sourceTree = "<group>"; };
		3BEADA2D2179C8BB00B16616 /* Info.plist */ = {isa = PBXFileReference; lastKnownFileType = text.plist.xml; path = Info.plist; sourceTree = "<group>"; };
		3BEADA322179C8BB00B16616 /* swift-companionUITests.xctest */ = {isa = PBXFileReference; explicitFileType = wrapper.cfbundle; includeInIndex = 0; path = "swift-companionUITests.xctest"; sourceTree = BUILT_PRODUCTS_DIR; };
		3BEADA362179C8BB00B16616 /* swift_companionUITests.swift */ = {isa = PBXFileReference; lastKnownFileType = sourcecode.swift; path = swift_companionUITests.swift; sourceTree = "<group>"; };
		3BEADA382179C8BB00B16616 /* Info.plist */ = {isa = PBXFileReference; lastKnownFileType = text.plist.xml; path = Info.plist; sourceTree = "<group>"; };
		3BEADA44217A35DA00B16616 /* FirstViewController.swift */ = {isa = PBXFileReference; lastKnownFileType = sourcecode.swift; path = FirstViewController.swift; sourceTree = "<group>"; };
		50A2EEF3DDE7705D7F1E0AC8 /* Pods-swift-companion.release.xcconfig */ = {isa = PBXFileReference; includeInIndex = 1; lastKnownFileType = text.xcconfig; name = "Pods-swift-companion.release.xcconfig"; path = "Pods/Target Support Files/Pods-swift-companion/Pods-swift-companion.release.xcconfig"; sourceTree = "<group>"; };
		62241E6E47707F48397E6BFD /* Pods_swift_companionTests.framework */ = {isa = PBXFileReference; explicitFileType = wrapper.framework; includeInIndex = 0; path = Pods_swift_companionTests.framework; sourceTree = BUILT_PRODUCTS_DIR; };
		926EDB3934D7348C12F3A559 /* Pods-swift-companion.debug.xcconfig */ = {isa = PBXFileReference; includeInIndex = 1; lastKnownFileType = text.xcconfig; name = "Pods-swift-companion.debug.xcconfig"; path = "Pods/Target Support Files/Pods-swift-companion/Pods-swift-companion.debug.xcconfig"; sourceTree = "<group>"; };
		A4ACF78DB1A45BD5A730143E /* Pods-swift-companionUITests.debug.xcconfig */ = {isa = PBXFileReference; includeInIndex = 1; lastKnownFileType = text.xcconfig; name = "Pods-swift-companionUITests.debug.xcconfig"; path = "Pods/Target Support Files/Pods-swift-companionUITests/Pods-swift-companionUITests.debug.xcconfig"; sourceTree = "<group>"; };
		D385130D6CD9424F0E18277D /* Pods_swift_companion.framework */ = {isa = PBXFileReference; explicitFileType = wrapper.framework; includeInIndex = 0; path = Pods_swift_companion.framework; sourceTree = BUILT_PRODUCTS_DIR; };
		FA886B0D3DD6BD451B534D80 /* Pods-swift-companionUITests.release.xcconfig */ = {isa = PBXFileReference; includeInIndex = 1; lastKnownFileType = text.xcconfig; name = "Pods-swift-companionUITests.release.xcconfig"; path = "Pods/Target Support Files/Pods-swift-companionUITests/Pods-swift-companionUITests.release.xcconfig"; sourceTree = "<group>"; };
/* End PBXFileReference section */

/* Begin PBXFrameworksBuildPhase section */
		3BEADA102179C8B500B16616 /* Frameworks */ = {
			isa = PBXFrameworksBuildPhase;
			buildActionMask = 2147483647;
			files = (
				9856CEE8DBA589BA2D45A567 /* Pods_swift_companion.framework in Frameworks */,
			);
			runOnlyForDeploymentPostprocessing = 0;
		};
		3BEADA242179C8BB00B16616 /* Frameworks */ = {
			isa = PBXFrameworksBuildPhase;
			buildActionMask = 2147483647;
			files = (
				79324F1C6596382A2E0534D5 /* Pods_swift_companionTests.framework in Frameworks */,
			);
			runOnlyForDeploymentPostprocessing = 0;
		};
		3BEADA2F2179C8BB00B16616 /* Frameworks */ = {
			isa = PBXFrameworksBuildPhase;
			buildActionMask = 2147483647;
			files = (
				BBF206E5D57569ACAADFADE1 /* Pods_swift_companionUITests.framework in Frameworks */,
			);
			runOnlyForDeploymentPostprocessing = 0;
		};
/* End PBXFrameworksBuildPhase section */

/* Begin PBXGroup section */
		3BEADA0A2179C8B500B16616 = {
			isa = PBXGroup;
			children = (
				3BEADA152179C8B500B16616 /* swift-companion */,
				3BEADA2A2179C8BB00B16616 /* swift-companionTests */,
				3BEADA352179C8BB00B16616 /* swift-companionUITests */,
				3BEADA142179C8B500B16616 /* Products */,
				E999EC19011285EC211C87F9 /* Pods */,
				F6B39F9EABF3491F680976F3 /* Frameworks */,
			);
			sourceTree = "<group>";
		};
		3BEADA142179C8B500B16616 /* Products */ = {
			isa = PBXGroup;
			children = (
				3BEADA132179C8B500B16616 /* swift-companion.app */,
				3BEADA272179C8BB00B16616 /* swift-companionTests.xctest */,
				3BEADA322179C8BB00B16616 /* swift-companionUITests.xctest */,
			);
			name = Products;
			sourceTree = "<group>";
		};
		3BEADA152179C8B500B16616 /* swift-companion */ = {
			isa = PBXGroup;
			children = (
				3BEADA162179C8B500B16616 /* AppDelegate.swift */,
				3BEADA182179C8B500B16616 /* ViewController.swift */,
				3BEADA1A2179C8B500B16616 /* Main.storyboard */,
				3BEADA1D2179C8BB00B16616 /* Assets.xcassets */,
				3BEADA1F2179C8BB00B16616 /* LaunchScreen.storyboard */,
				3BEADA222179C8BB00B16616 /* Info.plist */,
				3BEADA44217A35DA00B16616 /* FirstViewController.swift */,
			);
			path = "swift-companion";
			sourceTree = "<group>";
		};
		3BEADA2A2179C8BB00B16616 /* swift-companionTests */ = {
			isa = PBXGroup;
			children = (
				3BEADA2B2179C8BB00B16616 /* swift_companionTests.swift */,
				3BEADA2D2179C8BB00B16616 /* Info.plist */,
			);
			path = "swift-companionTests";
			sourceTree = "<group>";
		};
		3BEADA352179C8BB00B16616 /* swift-companionUITests */ = {
			isa = PBXGroup;
			children = (
				3BEADA362179C8BB00B16616 /* swift_companionUITests.swift */,
				3BEADA382179C8BB00B16616 /* Info.plist */,
			);
			path = "swift-companionUITests";
			sourceTree = "<group>";
		};
		E999EC19011285EC211C87F9 /* Pods */ = {
			isa = PBXGroup;
			children = (
				926EDB3934D7348C12F3A559 /* Pods-swift-companion.debug.xcconfig */,
				50A2EEF3DDE7705D7F1E0AC8 /* Pods-swift-companion.release.xcconfig */,
				03EC5752FD48C77780509A14 /* Pods-swift-companionTests.debug.xcconfig */,
				37C406A253503AB32BD44372 /* Pods-swift-companionTests.release.xcconfig */,
				A4ACF78DB1A45BD5A730143E /* Pods-swift-companionUITests.debug.xcconfig */,
				FA886B0D3DD6BD451B534D80 /* Pods-swift-companionUITests.release.xcconfig */,
			);
			name = Pods;
			sourceTree = "<group>";
		};
		F6B39F9EABF3491F680976F3 /* Frameworks */ = {
			isa = PBXGroup;
			children = (
				D385130D6CD9424F0E18277D /* Pods_swift_companion.framework */,
				62241E6E47707F48397E6BFD /* Pods_swift_companionTests.framework */,
				27EDC798042068AFAEF021F9 /* Pods_swift_companionUITests.framework */,
			);
			name = Frameworks;
			sourceTree = "<group>";
		};
/* End PBXGroup section */

/* Begin PBXNativeTarget section */
		3BEADA122179C8B500B16616 /* swift-companion */ = {
			isa = PBXNativeTarget;
			buildConfigurationList = 3BEADA3B2179C8BB00B16616 /* Build configuration list for PBXNativeTarget "swift-companion" */;
			buildPhases = (
				FB6B9E9F76A752663963DD70 /* [CP] Check Pods Manifest.lock */,
				3BEADA0F2179C8B500B16616 /* Sources */,
				3BEADA102179C8B500B16616 /* Frameworks */,
				3BEADA112179C8B500B16616 /* Resources */,
				D6CCAFF21364D0D7342D5F0D /* [CP] Embed Pods Frameworks */,
			);
			buildRules = (
			);
			dependencies = (
			);
			name = "swift-companion";
			productName = "swift-companion";
			productReference = 3BEADA132179C8B500B16616 /* swift-companion.app */;
			productType = "com.apple.product-type.application";
		};
		3BEADA262179C8BB00B16616 /* swift-companionTests */ = {
			isa = PBXNativeTarget;
			buildConfigurationList = 3BEADA3E2179C8BB00B16616 /* Build configuration list for PBXNativeTarget "swift-companionTests" */;
			buildPhases = (
				9BC573A83A0D151CB2ABB9D1 /* [CP] Check Pods Manifest.lock */,
				3BEADA232179C8BB00B16616 /* Sources */,
				3BEADA242179C8BB00B16616 /* Frameworks */,
				3BEADA252179C8BB00B16616 /* Resources */,
			);
			buildRules = (
			);
			dependencies = (
				3BEADA292179C8BB00B16616 /* PBXTargetDependency */,
			);
			name = "swift-companionTests";
			productName = "swift-companionTests";
			productReference = 3BEADA272179C8BB00B16616 /* swift-companionTests.xctest */;
			productType = "com.apple.product-type.bundle.unit-test";
		};
		3BEADA312179C8BB00B16616 /* swift-companionUITests */ = {
			isa = PBXNativeTarget;
			buildConfigurationList = 3BEADA412179C8BB00B16616 /* Build configuration list for PBXNativeTarget "swift-companionUITests" */;
			buildPhases = (
				2219E36FB2E3B62A7DB9809A /* [CP] Check Pods Manifest.lock */,
				3BEADA2E2179C8BB00B16616 /* Sources */,
				3BEADA2F2179C8BB00B16616 /* Frameworks */,
				3BEADA302179C8BB00B16616 /* Resources */,
			);
			buildRules = (
			);
			dependencies = (
				3BEADA342179C8BB00B16616 /* PBXTargetDependency */,
			);
			name = "swift-companionUITests";
			productName = "swift-companionUITests";
			productReference = 3BEADA322179C8BB00B16616 /* swift-companionUITests.xctest */;
			productType = "com.apple.product-type.bundle.ui-testing";
		};
/* End PBXNativeTarget section */

/* Begin PBXProject section */
		3BEADA0B2179C8B500B16616 /* Project object */ = {
			isa = PBXProject;
			attributes = {
				LastSwiftUpdateCheck = 0940;
				LastUpgradeCheck = 0940;
				ORGANIZATIONNAME = "Linda MUCASSI";
				TargetAttributes = {
					3BEADA122179C8B500B16616 = {
						CreatedOnToolsVersion = 9.4.1;
					};
					3BEADA262179C8BB00B16616 = {
						CreatedOnToolsVersion = 9.4.1;
						TestTargetID = 3BEADA122179C8B500B16616;
					};
					3BEADA312179C8BB00B16616 = {
						CreatedOnToolsVersion = 9.4.1;
						TestTargetID = 3BEADA122179C8B500B16616;
					};
				};
			};
			buildConfigurationList = 3BEADA0E2179C8B500B16616 /* Build configuration list for PBXProject "swift-companion" */;
			compatibilityVersion = "Xcode 9.3";
			developmentRegion = en;
			hasScannedForEncodings = 0;
			knownRegions = (
				en,
				Base,
			);
			mainGroup = 3BEADA0A2179C8B500B16616;
			productRefGroup = 3BEADA142179C8B500B16616 /* Products */;
			projectDirPath = "";
			projectRoot = "";
			targets = (
				3BEADA122179C8B500B16616 /* swift-companion */,
				3BEADA262179C8BB00B16616 /* swift-companionTests */,
				3BEADA312179C8BB00B16616 /* swift-companionUITests */,
			);
		};
/* End PBXProject section */

/* Begin PBXResourcesBuildPhase section */
		3BEADA112179C8B500B16616 /* Resources */ = {
			isa = PBXResourcesBuildPhase;
			buildActionMask = 2147483647;
			files = (
				3BEADA212179C8BB00B16616 /* LaunchScreen.storyboard in Resources */,
				3BEADA1E2179C8BB00B16616 /* Assets.xcassets in Resources */,
				3BEADA1C2179C8B500B16616 /* Main.storyboard in Resources */,
			);
			runOnlyForDeploymentPostprocessing = 0;
		};
		3BEADA252179C8BB00B16616 /* Resources */ = {
			isa = PBXResourcesBuildPhase;
			buildActionMask = 2147483647;
			files = (
			);
			runOnlyForDeploymentPostprocessing = 0;
		};
		3BEADA302179C8BB00B16616 /* Resources */ = {
			isa = PBXResourcesBuildPhase;
			buildActionMask = 2147483647;
			files = (
			);
			runOnlyForDeploymentPostprocessing = 0;
		};
/* End PBXResourcesBuildPhase section */

/* Begin PBXShellScriptBuildPhase section */
		2219E36FB2E3B62A7DB9809A /* [CP] Check Pods Manifest.lock */ = {
			isa = PBXShellScriptBuildPhase;
			buildActionMask = 2147483647;
			files = (
			);
			inputPaths = (
				"${PODS_PODFILE_DIR_PATH}/Podfile.lock",
				"${PODS_ROOT}/Manifest.lock",
			);
			name = "[CP] Check Pods Manifest.lock";
			outputPaths = (
				"$(DERIVED_FILE_DIR)/Pods-swift-companionUITests-checkManifestLockResult.txt",
			);
			runOnlyForDeploymentPostprocessing = 0;
			shellPath = /bin/sh;
			shellScript = "diff \"${PODS_PODFILE_DIR_PATH}/Podfile.lock\" \"${PODS_ROOT}/Manifest.lock\" > /dev/null\nif [ $? != 0 ] ; then\n    # print error to STDERR\n    echo \"error: The sandbox is not in sync with the Podfile.lock. Run 'pod install' or update your CocoaPods installation.\" >&2\n    exit 1\nfi\n# This output is used by Xcode 'outputs' to avoid re-running this script phase.\necho \"SUCCESS\" > \"${SCRIPT_OUTPUT_FILE_0}\"\n";
			showEnvVarsInLog = 0;
		};
		9BC573A83A0D151CB2ABB9D1 /* [CP] Check Pods Manifest.lock */ = {
			isa = PBXShellScriptBuildPhase;
			buildActionMask = 2147483647;
			files = (
			);
			inputPaths = (
				"${PODS_PODFILE_DIR_PATH}/Podfile.lock",
				"${PODS_ROOT}/Manifest.lock",
			);
			name = "[CP] Check Pods Manifest.lock";
			outputPaths = (
				"$(DERIVED_FILE_DIR)/Pods-swift-companionTests-checkManifestLockResult.txt",
			);
			runOnlyForDeploymentPostprocessing = 0;
			shellPath = /bin/sh;
			shellScript = "diff \"${PODS_PODFILE_DIR_PATH}/Podfile.lock\" \"${PODS_ROOT}/Manifest.lock\" > /dev/null\nif [ $? != 0 ] ; then\n    # print error to STDERR\n    echo \"error: The sandbox is not in sync with the Podfile.lock. Run 'pod install' or update your CocoaPods installation.\" >&2\n    exit 1\nfi\n# This output is used by Xcode 'outputs' to avoid re-running this script phase.\necho \"SUCCESS\" > \"${SCRIPT_OUTPUT_FILE_0}\"\n";
			showEnvVarsInLog = 0;
		};
		D6CCAFF21364D0D7342D5F0D /* [CP] Embed Pods Frameworks */ = {
			isa = PBXShellScriptBuildPhase;
			buildActionMask = 2147483647;
			files = (
			);
			inputPaths = (
				"${SRCROOT}/Pods/Target Support Files/Pods-swift-companion/Pods-swift-companion-frameworks.sh",
				"${BUILT_PRODUCTS_DIR}/SwiftyJSON/SwiftyJSON.framework",
			);
			name = "[CP] Embed Pods Frameworks";
			outputPaths = (
				"${TARGET_BUILD_DIR}/${FRAMEWORKS_FOLDER_PATH}/SwiftyJSON.framework",
			);
			runOnlyForDeploymentPostprocessing = 0;
			shellPath = /bin/sh;
			shellScript = "\"${SRCROOT}/Pods/Target Support Files/Pods-swift-companion/Pods-swift-companion-frameworks.sh\"\n";
			showEnvVarsInLog = 0;
		};
		FB6B9E9F76A752663963DD70 /* [CP] Check Pods Manifest.lock */ = {
			isa = PBXShellScriptBuildPhase;
			buildActionMask = 2147483647;
			files = (
			);
			inputPaths = (
				"${PODS_PODFILE_DIR_PATH}/Podfile.lock",
				"${PODS_ROOT}/Manifest.lock",
			);
			name = "[CP] Check Pods Manifest.lock";
			outputPaths = (
				"$(DERIVED_FILE_DIR)/Pods-swift-companion-checkManifestLockResult.txt",
			);
			runOnlyForDeploymentPostprocessing = 0;
			shellPath = /bin/sh;
			shellScript = "diff \"${PODS_PODFILE_DIR_PATH}/Podfile.lock\" \"${PODS_ROOT}/Manifest.lock\" > /dev/null\nif [ $? != 0 ] ; then\n    # print error to STDERR\n    echo \"error: The sandbox is not in sync with the Podfile.lock. Run 'pod install' or update your CocoaPods installation.\" >&2\n    exit 1\nfi\n# This output is used by Xcode 'outputs' to avoid re-running this script phase.\necho \"SUCCESS\" > \"${SCRIPT_OUTPUT_FILE_0}\"\n";
			showEnvVarsInLog = 0;
		};
/* End PBXShellScriptBuildPhase section */

/* Begin PBXSourcesBuildPhase section */
		3BEADA0F2179C8B500B16616 /* Sources */ = {
			isa = PBXSourcesBuildPhase;
			buildActionMask = 2147483647;
			files = (
				3BEADA45217A35DA00B16616 /* FirstViewController.swift in Sources */,
				3BEADA192179C8B500B16616 /* ViewController.swift in Sources */,
				3BEADA172179C8B500B16616 /* AppDelegate.swift in Sources */,
			);
			runOnlyForDeploymentPostprocessing = 0;
		};
		3BEADA232179C8BB00B16616 /* Sources */ = {
			isa = PBXSourcesBuildPhase;
			buildActionMask = 2147483647;
			files = (
				3BEADA2C2179C8BB00B16616 /* swift_companionTests.swift in Sources */,
			);
			runOnlyForDeploymentPostprocessing = 0;
		};
		3BEADA2E2179C8BB00B16616 /* Sources */ = {
			isa = PBXSourcesBuildPhase;
			buildActionMask = 2147483647;
			files = (
				3BEADA372179C8BB00B16616 /* swift_companionUITests.swift in Sources */,
			);
			runOnlyForDeploymentPostprocessing = 0;
		};
/* End PBXSourcesBuildPhase section */

/* Begin PBXTargetDependency section */
		3BEADA292179C8BB00B16616 /* PBXTargetDependency */ = {
			isa = PBXTargetDependency;
			target = 3BEADA122179C8B500B16616 /* swift-companion */;
			targetProxy = 3BEADA282179C8BB00B16616 /* PBXContainerItemProxy */;
		};
		3BEADA342179C8BB00B16616 /* PBXTargetDependency */ = {
			isa = PBXTargetDependency;
			target = 3BEADA122179C8B500B16616 /* swift-companion */;
			targetProxy = 3BEADA332179C8BB00B16616 /* PBXContainerItemProxy */;
		};
/* End PBXTargetDependency section */

/* Begin PBXVariantGroup section */
		3BEADA1A2179C8B500B16616 /* Main.storyboard */ = {
			isa = PBXVariantGroup;
			children = (
				3BEADA1B2179C8B500B16616 /* Base */,
			);
			name = Main.storyboard;
			sourceTree = "<group>";
		};
		3BEADA1F2179C8BB00B16616 /* LaunchScreen.storyboard */ = {
			isa = PBXVariantGroup;
			children = (
				3BEADA202179C8BB00B16616 /* Base */,
			);
			name = LaunchScreen.storyboard;
			sourceTree = "<group>";
		};
/* End PBXVariantGroup section */

/* Begin XCBuildConfiguration section */
		3BEADA392179C8BB00B16616 /* Debug */ = {
			isa = XCBuildConfiguration;
			buildSettings = {
				ALWAYS_SEARCH_USER_PATHS = NO;
				CLANG_ANALYZER_NONNULL = YES;
				CLANG_ANALYZER_NUMBER_OBJECT_CONVERSION = YES_AGGRESSIVE;
				CLANG_CXX_LANGUAGE_STANDARD = "gnu++14";
				CLANG_CXX_LIBRARY = "libc++";
				CLANG_ENABLE_MODULES = YES;
				CLANG_ENABLE_OBJC_ARC = YES;
				CLANG_ENABLE_OBJC_WEAK = YES;
				CLANG_WARN_BLOCK_CAPTURE_AUTORELEASING = YES;
				CLANG_WARN_BOOL_CONVERSION = YES;
				CLANG_WARN_COMMA = YES;
				CLANG_WARN_CONSTANT_CONVERSION = YES;
				CLANG_WARN_DEPRECATED_OBJC_IMPLEMENTATIONS = YES;
				CLANG_WARN_DIRECT_OBJC_ISA_USAGE = YES_ERROR;
				CLANG_WARN_DOCUMENTATION_COMMENTS = YES;
				CLANG_WARN_EMPTY_BODY = YES;
				CLANG_WARN_ENUM_CONVERSION = YES;
				CLANG_WARN_INFINITE_RECURSION = YES;
				CLANG_WARN_INT_CONVERSION = YES;
				CLANG_WARN_NON_LITERAL_NULL_CONVERSION = YES;
				CLANG_WARN_OBJC_IMPLICIT_RETAIN_SELF = YES;
				CLANG_WARN_OBJC_LITERAL_CONVERSION = YES;
				CLANG_WARN_OBJC_ROOT_CLASS = YES_ERROR;
				CLANG_WARN_RANGE_LOOP_ANALYSIS = YES;
				CLANG_WARN_STRICT_PROTOTYPES = YES;
				CLANG_WARN_SUSPICIOUS_MOVE = YES;
				CLANG_WARN_UNGUARDED_AVAILABILITY = YES_AGGRESSIVE;
				CLANG_WARN_UNREACHABLE_CODE = YES;
				CLANG_WARN__DUPLICATE_METHOD_MATCH = YES;
				CODE_SIGN_IDENTITY = "iPhone Developer";
				COPY_PHASE_STRIP = NO;
				DEBUG_INFORMATION_FORMAT = dwarf;
				ENABLE_STRICT_OBJC_MSGSEND = YES;
				ENABLE_TESTABILITY = YES;
				GCC_C_LANGUAGE_STANDARD = gnu11;
				GCC_DYNAMIC_NO_PIC = NO;
				GCC_NO_COMMON_BLOCKS = YES;
				GCC_OPTIMIZATION_LEVEL = 0;
				GCC_PREPROCESSOR_DEFINITIONS = (
					"DEBUG=1",
					"$(inherited)",
				);
				GCC_WARN_64_TO_32_BIT_CONVERSION = YES;
				GCC_WARN_ABOUT_RETURN_TYPE = YES_ERROR;
				GCC_WARN_UNDECLARED_SELECTOR = YES;
				GCC_WARN_UNINITIALIZED_AUTOS = YES_AGGRESSIVE;
				GCC_WARN_UNUSED_FUNCTION = YES;
				GCC_WARN_UNUSED_VARIABLE = YES;
				IPHONEOS_DEPLOYMENT_TARGET = 11.4;
				MTL_ENABLE_DEBUG_INFO = YES;
				ONLY_ACTIVE_ARCH = YES;
				SDKROOT = iphoneos;
				SWIFT_ACTIVE_COMPILATION_CONDITIONS = DEBUG;
				SWIFT_OPTIMIZATION_LEVEL = "-Onone";
			};
			name = Debug;
		};
		3BEADA3A2179C8BB00B16616 /* Release */ = {
			isa = XCBuildConfiguration;
			buildSettings = {
				ALWAYS_SEARCH_USER_PATHS = NO;
				CLANG_ANALYZER_NONNULL = YES;
				CLANG_ANALYZER_NUMBER_OBJECT_CONVERSION = YES_AGGRESSIVE;
				CLANG_CXX_LANGUAGE_STANDARD = "gnu++14";
				CLANG_CXX_LIBRARY = "libc++";
				CLANG_ENABLE_MODULES = YES;
				CLANG_ENABLE_OBJC_ARC = YES;
				CLANG_ENABLE_OBJC_WEAK = YES;
				CLANG_WARN_BLOCK_CAPTURE_AUTORELEASING = YES;
				CLANG_WARN_BOOL_CONVERSION = YES;
				CLANG_WARN_COMMA = YES;
				CLANG_WARN_CONSTANT_CONVERSION = YES;
				CLANG_WARN_DEPRECATED_OBJC_IMPLEMENTATIONS = YES;
				CLANG_WARN_DIRECT_OBJC_ISA_USAGE = YES_ERROR;
				CLANG_WARN_DOCUMENTATION_COMMENTS = YES;
				CLANG_WARN_EMPTY_BODY = YES;
				CLANG_WARN_ENUM_CONVERSION = YES;
				CLANG_WARN_INFINITE_RECURSION = YES;
				CLANG_WARN_INT_CONVERSION = YES;
				CLANG_WARN_NON_LITERAL_NULL_CONVERSION = YES;
				CLANG_WARN_OBJC_IMPLICIT_RETAIN_SELF = YES;
				CLANG_WARN_OBJC_LITERAL_CONVERSION = YES;
				CLANG_WARN_OBJC_ROOT_CLASS = YES_ERROR;
				CLANG_WARN_RANGE_LOOP_ANALYSIS = YES;
				CLANG_WARN_STRICT_PROTOTYPES = YES;
				CLANG_WARN_SUSPICIOUS_MOVE = YES;
				CLANG_WARN_UNGUARDED_AVAILABILITY = YES_AGGRESSIVE;
				CLANG_WARN_UNREACHABLE_CODE = YES;
				CLANG_WARN__DUPLICATE_METHOD_MATCH = YES;
				CODE_SIGN_IDENTITY = "iPhone Developer";
				COPY_PHASE_STRIP = NO;
				DEBUG_INFORMATION_FORMAT = "dwarf-with-dsym";
				ENABLE_NS_ASSERTIONS = NO;
				ENABLE_STRICT_OBJC_MSGSEND = YES;
				GCC_C_LANGUAGE_STANDARD = gnu11;
				GCC_NO_COMMON_BLOCKS = YES;
				GCC_WARN_64_TO_32_BIT_CONVERSION = YES;
				GCC_WARN_ABOUT_RETURN_TYPE = YES_ERROR;
				GCC_WARN_UNDECLARED_SELECTOR = YES;
				GCC_WARN_UNINITIALIZED_AUTOS = YES_AGGRESSIVE;
				GCC_WARN_UNUSED_FUNCTION = YES;
				GCC_WARN_UNUSED_VARIABLE = YES;
				IPHONEOS_DEPLOYMENT_TARGET = 11.4;
				MTL_ENABLE_DEBUG_INFO = NO;
				SDKROOT = iphoneos;
				SWIFT_COMPILATION_MODE = wholemodule;
				SWIFT_OPTIMIZATION_LEVEL = "-O";
				VALIDATE_PRODUCT = YES;
			};
			name = Release;
		};
		3BEADA3C2179C8BB00B16616 /* Debug */ = {
			isa = XCBuildConfiguration;
			baseConfigurationReference = 926EDB3934D7348C12F3A559 /* Pods-swift-companion.debug.xcconfig */;
			buildSettings = {
				ASSETCATALOG_COMPILER_APPICON_NAME = AppIcon;
				CODE_SIGN_STYLE = Automatic;
				INFOPLIST_FILE = "swift-companion/Info.plist";
				LD_RUNPATH_SEARCH_PATHS = (
					"$(inherited)",
					"@executable_path/Frameworks",
				);
				PRODUCT_BUNDLE_IDENTIFIER = "com.wethinkcode.lmucassi.swift-companion";
				PRODUCT_NAME = "$(TARGET_NAME)";
				SWIFT_VERSION = 4.0;
				TARGETED_DEVICE_FAMILY = "1,2";
			};
			name = Debug;
		};
		3BEADA3D2179C8BB00B16616 /* Release */ = {
			isa = XCBuildConfiguration;
			baseConfigurationReference = 50A2EEF3DDE7705D7F1E0AC8 /* Pods-swift-companion.release.xcconfig */;
			buildSettings = {
				ASSETCATALOG_COMPILER_APPICON_NAME = AppIcon;
				CODE_SIGN_STYLE = Automatic;
				INFOPLIST_FILE = "swift-companion/Info.plist";
				LD_RUNPATH_SEARCH_PATHS = (
					"$(inherited)",
					"@executable_path/Frameworks",
				);
				PRODUCT_BUNDLE_IDENTIFIER = "com.wethinkcode.lmucassi.swift-companion";
				PRODUCT_NAME = "$(TARGET_NAME)";
				SWIFT_VERSION = 4.0;
				TARGETED_DEVICE_FAMILY = "1,2";
			};
			name = Release;
		};
		3BEADA3F2179C8BB00B16616 /* Debug */ = {
			isa = XCBuildConfiguration;
			baseConfigurationReference = 03EC5752FD48C77780509A14 /* Pods-swift-companionTests.debug.xcconfig */;
			buildSettings = {
				ALWAYS_EMBED_SWIFT_STANDARD_LIBRARIES = YES;
				BUNDLE_LOADER = "$(TEST_HOST)";
				CODE_SIGN_STYLE = Automatic;
				INFOPLIST_FILE = "swift-companionTests/Info.plist";
				LD_RUNPATH_SEARCH_PATHS = (
					"$(inherited)",
					"@executable_path/Frameworks",
					"@loader_path/Frameworks",
				);
				PRODUCT_BUNDLE_IDENTIFIER = "com.wethinkcode.lmucassi.swift-companionTests";
				PRODUCT_NAME = "$(TARGET_NAME)";
				SWIFT_VERSION = 4.0;
				TARGETED_DEVICE_FAMILY = "1,2";
				TEST_HOST = "$(BUILT_PRODUCTS_DIR)/swift-companion.app/swift-companion";
			};
			name = Debug;
		};
		3BEADA402179C8BB00B16616 /* Release */ = {
			isa = XCBuildConfiguration;
			baseConfigurationReference = 37C406A253503AB32BD44372 /* Pods-swift-companionTests.release.xcconfig */;
			buildSettings = {
				ALWAYS_EMBED_SWIFT_STANDARD_LIBRARIES = YES;
				BUNDLE_LOADER = "$(TEST_HOST)";
				CODE_SIGN_STYLE = Automatic;
				INFOPLIST_FILE = "swift-companionTests/Info.plist";
				LD_RUNPATH_SEARCH_PATHS = (
					"$(inherited)",
					"@executable_path/Frameworks",
					"@loader_path/Frameworks",
				);
				PRODUCT_BUNDLE_IDENTIFIER = "com.wethinkcode.lmucassi.swift-companionTests";
				PRODUCT_NAME = "$(TARGET_NAME)";
				SWIFT_VERSION = 4.0;
				TARGETED_DEVICE_FAMILY = "1,2";
				TEST_HOST = "$(BUILT_PRODUCTS_DIR)/swift-companion.app/swift-companion";
			};
			name = Release;
		};
		3BEADA422179C8BB00B16616 /* Debug */ = {
			isa = XCBuildConfiguration;
			baseConfigurationReference = A4ACF78DB1A45BD5A730143E /* Pods-swift-companionUITests.debug.xcconfig */;
			buildSettings = {
				ALWAYS_EMBED_SWIFT_STANDARD_LIBRARIES = YES;
				CODE_SIGN_STYLE = Automatic;
				INFOPLIST_FILE = "swift-companionUITests/Info.plist";
				LD_RUNPATH_SEARCH_PATHS = (
					"$(inherited)",
					"@executable_path/Frameworks",
					"@loader_path/Frameworks",
				);
				PRODUCT_BUNDLE_IDENTIFIER = "com.wethinkcode.lmucassi.swift-companionUITests";
				PRODUCT_NAME = "$(TARGET_NAME)";
				SWIFT_VERSION = 4.0;
				TARGETED_DEVICE_FAMILY = "1,2";
				TEST_TARGET_NAME = "swift-companion";
			};
			name = Debug;
		};
		3BEADA432179C8BB00B16616 /* Release */ = {
			isa = XCBuildConfiguration;
			baseConfigurationReference = FA886B0D3DD6BD451B534D80 /* Pods-swift-companionUITests.release.xcconfig */;
			buildSettings = {
				ALWAYS_EMBED_SWIFT_STANDARD_LIBRARIES = YES;
				CODE_SIGN_STYLE = Automatic;
				INFOPLIST_FILE = "swift-companionUITests/Info.plist";
				LD_RUNPATH_SEARCH_PATHS = (
					"$(inherited)",
					"@executable_path/Frameworks",
					"@loader_path/Frameworks",
				);
				PRODUCT_BUNDLE_IDENTIFIER = "com.wethinkcode.lmucassi.swift-companionUITests";
				PRODUCT_NAME = "$(TARGET_NAME)";
				SWIFT_VERSION = 4.0;
				TARGETED_DEVICE_FAMILY = "1,2";
				TEST_TARGET_NAME = "swift-companion";
			};
			name = Release;
		};
/* End XCBuildConfiguration section */

/* Begin XCConfigurationList section */
		3BEADA0E2179C8B500B16616 /* Build configuration list for PBXProject "swift-companion" */ = {
			isa = XCConfigurationList;
			buildConfigurations = (
				3BEADA392179C8BB00B16616 /* Debug */,
				3BEADA3A2179C8BB00B16616 /* Release */,
			);
			defaultConfigurationIsVisible = 0;
			defaultConfigurationName = Release;
		};
		3BEADA3B2179C8BB00B16616 /* Build configuration list for PBXNativeTarget "swift-companion" */ = {
			isa = XCConfigurationList;
			buildConfigurations = (
				3BEADA3C2179C8BB00B16616 /* Debug */,
				3BEADA3D2179C8BB00B16616 /* Release */,
			);
			defaultConfigurationIsVisible = 0;
			defaultConfigurationName = Release;
		};
		3BEADA3E2179C8BB00B16616 /* Build configuration list for PBXNativeTarget "swift-companionTests" */ = {
			isa = XCConfigurationList;
			buildConfigurations = (
				3BEADA3F2179C8BB00B16616 /* Debug */,
				3BEADA402179C8BB00B16616 /* Release */,
			);
			defaultConfigurationIsVisible = 0;
			defaultConfigurationName = Release;
		};
		3BEADA412179C8BB00B16616 /* Build configuration list for PBXNativeTarget "swift-companionUITests" */ = {
			isa = XCConfigurationList;
			buildConfigurations = (
				3BEADA422179C8BB00B16616 /* Debug */,
				3BEADA432179C8BB00B16616 /* Release */,
			);
			defaultConfigurationIsVisible = 0;
			defaultConfigurationName = Release;
		};
/* End XCConfigurationList section */
	};
	rootObject = 3BEADA0B2179C8B500B16616 /* Project object */;
}
