// !$*UTF8*$!
{
	archiveVersion = 1;
	classes = {
	};
	objectVersion = 50;
	objects = {

/* Begin PBXBuildFile section */
		2B27C18621833D9500751D43 /* AppDelegate.swift in Sources */ = {isa = PBXBuildFile; fileRef = 2B27C18521833D9500751D43 /* AppDelegate.swift */; };
		2B27C18821833D9500751D43 /* ViewController.swift in Sources */ = {isa = PBXBuildFile; fileRef = 2B27C18721833D9500751D43 /* ViewController.swift */; };
		2B27C18B21833D9500751D43 /* Main.storyboard in Resources */ = {isa = PBXBuildFile; fileRef = 2B27C18921833D9500751D43 /* Main.storyboard */; };
		2B27C18D21833D9D00751D43 /* Assets.xcassets in Resources */ = {isa = PBXBuildFile; fileRef = 2B27C18C21833D9D00751D43 /* Assets.xcassets */; };
		2B27C19021833D9D00751D43 /* LaunchScreen.storyboard in Resources */ = {isa = PBXBuildFile; fileRef = 2B27C18E21833D9D00751D43 /* LaunchScreen.storyboard */; };
		2B27C19B21833D9D00751D43 /* CompanionTests.swift in Sources */ = {isa = PBXBuildFile; fileRef = 2B27C19A21833D9D00751D43 /* CompanionTests.swift */; };
		2B27C1A621833D9D00751D43 /* CompanionUITests.swift in Sources */ = {isa = PBXBuildFile; fileRef = 2B27C1A521833D9D00751D43 /* CompanionUITests.swift */; };
		2B388E092187048300E42435 /* 42ViewController.swift in Sources */ = {isa = PBXBuildFile; fileRef = 2B388E082187048300E42435 /* 42ViewController.swift */; };
		2B388E0B218729BC00E42435 /* ProfileViewController.swift in Sources */ = {isa = PBXBuildFile; fileRef = 2B388E0A218729BC00E42435 /* ProfileViewController.swift */; };
		2B388E4B2187500D00E42435 /* SkillCell.swift in Sources */ = {isa = PBXBuildFile; fileRef = 2B388E4A2187500D00E42435 /* SkillCell.swift */; };
		2B69CD462188B36C00065ACB /* Auth.swift in Sources */ = {isa = PBXBuildFile; fileRef = 2B69CD452188B36C00065ACB /* Auth.swift */; };
		2B6EE7C3218C905400627445 /* User.swift in Sources */ = {isa = PBXBuildFile; fileRef = 2B6EE7C2218C905400627445 /* User.swift */; };
		2BD6032821906AB1003A0876 /* Skill.swift in Sources */ = {isa = PBXBuildFile; fileRef = 2BD6032721906AB1003A0876 /* Skill.swift */; };
		2BD6032E21907CFB003A0876 /* ProjectCell.swift in Sources */ = {isa = PBXBuildFile; fileRef = 2BD6032D21907CFB003A0876 /* ProjectCell.swift */; };
		2BD60330219080F9003A0876 /* Project.swift in Sources */ = {isa = PBXBuildFile; fileRef = 2BD6032F219080F9003A0876 /* Project.swift */; };
		59FC23509D486CB39F4C2352 /* Pods_Companion.framework in Frameworks */ = {isa = PBXBuildFile; fileRef = 119785EEB966639DE7C0E963 /* Pods_Companion.framework */; };
		8FCF8F074378FC0B8B759E77 /* Pods_CompanionUITests.framework in Frameworks */ = {isa = PBXBuildFile; fileRef = 3A25400FA6FA23B29A91A721 /* Pods_CompanionUITests.framework */; };
		C2DDB2F31E03E79ACE12E479 /* Pods_CompanionTests.framework in Frameworks */ = {isa = PBXBuildFile; fileRef = 6A69C30CE8C442E9E7864C22 /* Pods_CompanionTests.framework */; };
/* End PBXBuildFile section */

/* Begin PBXContainerItemProxy section */
		2B27C19721833D9D00751D43 /* PBXContainerItemProxy */ = {
			isa = PBXContainerItemProxy;
			containerPortal = 2B27C17A21833D9400751D43 /* Project object */;
			proxyType = 1;
			remoteGlobalIDString = 2B27C18121833D9500751D43;
			remoteInfo = Companion;
		};
		2B27C1A221833D9D00751D43 /* PBXContainerItemProxy */ = {
			isa = PBXContainerItemProxy;
			containerPortal = 2B27C17A21833D9400751D43 /* Project object */;
			proxyType = 1;
			remoteGlobalIDString = 2B27C18121833D9500751D43;
			remoteInfo = Companion;
		};
/* End PBXContainerItemProxy section */

/* Begin PBXFileReference section */
		119785EEB966639DE7C0E963 /* Pods_Companion.framework */ = {isa = PBXFileReference; explicitFileType = wrapper.framework; includeInIndex = 0; path = Pods_Companion.framework; sourceTree = BUILT_PRODUCTS_DIR; };
		2B27C18221833D9500751D43 /* Companion.app */ = {isa = PBXFileReference; explicitFileType = wrapper.application; includeInIndex = 0; path = Companion.app; sourceTree = BUILT_PRODUCTS_DIR; };
		2B27C18521833D9500751D43 /* AppDelegate.swift */ = {isa = PBXFileReference; lastKnownFileType = sourcecode.swift; path = AppDelegate.swift; sourceTree = "<group>"; };
		2B27C18721833D9500751D43 /* ViewController.swift */ = {isa = PBXFileReference; lastKnownFileType = sourcecode.swift; path = ViewController.swift; sourceTree = "<group>"; };
		2B27C18A21833D9500751D43 /* Base */ = {isa = PBXFileReference; lastKnownFileType = file.storyboard; name = Base; path = Base.lproj/Main.storyboard; sourceTree = "<group>"; };
		2B27C18C21833D9D00751D43 /* Assets.xcassets */ = {isa = PBXFileReference; lastKnownFileType = folder.assetcatalog; path = Assets.xcassets; sourceTree = "<group>"; };
		2B27C18F21833D9D00751D43 /* Base */ = {isa = PBXFileReference; lastKnownFileType = file.storyboard; name = Base; path = Base.lproj/LaunchScreen.storyboard; sourceTree = "<group>"; };
		2B27C19121833D9D00751D43 /* Info.plist */ = {isa = PBXFileReference; lastKnownFileType = text.plist.xml; path = Info.plist; sourceTree = "<group>"; };
		2B27C19621833D9D00751D43 /* CompanionTests.xctest */ = {isa = PBXFileReference; explicitFileType = wrapper.cfbundle; includeInIndex = 0; path = CompanionTests.xctest; sourceTree = BUILT_PRODUCTS_DIR; };
		2B27C19A21833D9D00751D43 /* CompanionTests.swift */ = {isa = PBXFileReference; lastKnownFileType = sourcecode.swift; path = CompanionTests.swift; sourceTree = "<group>"; };
		2B27C19C21833D9D00751D43 /* Info.plist */ = {isa = PBXFileReference; lastKnownFileType = text.plist.xml; path = Info.plist; sourceTree = "<group>"; };
		2B27C1A121833D9D00751D43 /* CompanionUITests.xctest */ = {isa = PBXFileReference; explicitFileType = wrapper.cfbundle; includeInIndex = 0; path = CompanionUITests.xctest; sourceTree = BUILT_PRODUCTS_DIR; };
		2B27C1A521833D9D00751D43 /* CompanionUITests.swift */ = {isa = PBXFileReference; lastKnownFileType = sourcecode.swift; path = CompanionUITests.swift; sourceTree = "<group>"; };
		2B27C1A721833D9D00751D43 /* Info.plist */ = {isa = PBXFileReference; lastKnownFileType = text.plist.xml; path = Info.plist; sourceTree = "<group>"; };
		2B388E082187048300E42435 /* 42ViewController.swift */ = {isa = PBXFileReference; lastKnownFileType = sourcecode.swift; path = 42ViewController.swift; sourceTree = "<group>"; };
		2B388E0A218729BC00E42435 /* ProfileViewController.swift */ = {isa = PBXFileReference; lastKnownFileType = sourcecode.swift; path = ProfileViewController.swift; sourceTree = "<group>"; };
		2B388E4A2187500D00E42435 /* SkillCell.swift */ = {isa = PBXFileReference; lastKnownFileType = sourcecode.swift; path = SkillCell.swift; sourceTree = "<group>"; };
		2B69CD452188B36C00065ACB /* Auth.swift */ = {isa = PBXFileReference; lastKnownFileType = sourcecode.swift; path = Auth.swift; sourceTree = "<group>"; };
		2B6EE7C2218C905400627445 /* User.swift */ = {isa = PBXFileReference; lastKnownFileType = sourcecode.swift; path = User.swift; sourceTree = "<group>"; };
		2BD6032721906AB1003A0876 /* Skill.swift */ = {isa = PBXFileReference; lastKnownFileType = sourcecode.swift; path = Skill.swift; sourceTree = "<group>"; };
		2BD6032D21907CFB003A0876 /* ProjectCell.swift */ = {isa = PBXFileReference; lastKnownFileType = sourcecode.swift; path = ProjectCell.swift; sourceTree = "<group>"; };
		2BD6032F219080F9003A0876 /* Project.swift */ = {isa = PBXFileReference; lastKnownFileType = sourcecode.swift; path = Project.swift; sourceTree = "<group>"; };
		3A25400FA6FA23B29A91A721 /* Pods_CompanionUITests.framework */ = {isa = PBXFileReference; explicitFileType = wrapper.framework; includeInIndex = 0; path = Pods_CompanionUITests.framework; sourceTree = BUILT_PRODUCTS_DIR; };
		4FDC9B2D867D423F2147ACE4 /* Pods-Companion.release.xcconfig */ = {isa = PBXFileReference; includeInIndex = 1; lastKnownFileType = text.xcconfig; name = "Pods-Companion.release.xcconfig"; path = "Pods/Target Support Files/Pods-Companion/Pods-Companion.release.xcconfig"; sourceTree = "<group>"; };
		65D5EDF549D8F301A0D1BCA0 /* Pods-Companion.debug.xcconfig */ = {isa = PBXFileReference; includeInIndex = 1; lastKnownFileType = text.xcconfig; name = "Pods-Companion.debug.xcconfig"; path = "Pods/Target Support Files/Pods-Companion/Pods-Companion.debug.xcconfig"; sourceTree = "<group>"; };
		6A69C30CE8C442E9E7864C22 /* Pods_CompanionTests.framework */ = {isa = PBXFileReference; explicitFileType = wrapper.framework; includeInIndex = 0; path = Pods_CompanionTests.framework; sourceTree = BUILT_PRODUCTS_DIR; };
		859BA336DF7CEBFD17D77B12 /* Pods-CompanionTests.release.xcconfig */ = {isa = PBXFileReference; includeInIndex = 1; lastKnownFileType = text.xcconfig; name = "Pods-CompanionTests.release.xcconfig"; path = "Pods/Target Support Files/Pods-CompanionTests/Pods-CompanionTests.release.xcconfig"; sourceTree = "<group>"; };
		A8C8E1FFDBCDC53A54B0B947 /* Pods-CompanionUITests.debug.xcconfig */ = {isa = PBXFileReference; includeInIndex = 1; lastKnownFileType = text.xcconfig; name = "Pods-CompanionUITests.debug.xcconfig"; path = "Pods/Target Support Files/Pods-CompanionUITests/Pods-CompanionUITests.debug.xcconfig"; sourceTree = "<group>"; };
		ABB92B960BACB6561F256928 /* Pods-CompanionUITests.release.xcconfig */ = {isa = PBXFileReference; includeInIndex = 1; lastKnownFileType = text.xcconfig; name = "Pods-CompanionUITests.release.xcconfig"; path = "Pods/Target Support Files/Pods-CompanionUITests/Pods-CompanionUITests.release.xcconfig"; sourceTree = "<group>"; };
		BA2D40AD5060F990B30F7D8B /* Pods-CompanionTests.debug.xcconfig */ = {isa = PBXFileReference; includeInIndex = 1; lastKnownFileType = text.xcconfig; name = "Pods-CompanionTests.debug.xcconfig"; path = "Pods/Target Support Files/Pods-CompanionTests/Pods-CompanionTests.debug.xcconfig"; sourceTree = "<group>"; };
/* End PBXFileReference section */

/* Begin PBXFrameworksBuildPhase section */
		2B27C17F21833D9500751D43 /* Frameworks */ = {
			isa = PBXFrameworksBuildPhase;
			buildActionMask = 2147483647;
			files = (
				59FC23509D486CB39F4C2352 /* Pods_Companion.framework in Frameworks */,
			);
			runOnlyForDeploymentPostprocessing = 0;
		};
		2B27C19321833D9D00751D43 /* Frameworks */ = {
			isa = PBXFrameworksBuildPhase;
			buildActionMask = 2147483647;
			files = (
				C2DDB2F31E03E79ACE12E479 /* Pods_CompanionTests.framework in Frameworks */,
			);
			runOnlyForDeploymentPostprocessing = 0;
		};
		2B27C19E21833D9D00751D43 /* Frameworks */ = {
			isa = PBXFrameworksBuildPhase;
			buildActionMask = 2147483647;
			files = (
				8FCF8F074378FC0B8B759E77 /* Pods_CompanionUITests.framework in Frameworks */,
			);
			runOnlyForDeploymentPostprocessing = 0;
		};
/* End PBXFrameworksBuildPhase section */

/* Begin PBXGroup section */
		17CA3504F8B2E17532B452CE /* Pods */ = {
			isa = PBXGroup;
			children = (
				65D5EDF549D8F301A0D1BCA0 /* Pods-Companion.debug.xcconfig */,
				4FDC9B2D867D423F2147ACE4 /* Pods-Companion.release.xcconfig */,
				BA2D40AD5060F990B30F7D8B /* Pods-CompanionTests.debug.xcconfig */,
				859BA336DF7CEBFD17D77B12 /* Pods-CompanionTests.release.xcconfig */,
				A8C8E1FFDBCDC53A54B0B947 /* Pods-CompanionUITests.debug.xcconfig */,
				ABB92B960BACB6561F256928 /* Pods-CompanionUITests.release.xcconfig */,
			);
			name = Pods;
			sourceTree = "<group>";
		};
		2B27C17921833D9400751D43 = {
			isa = PBXGroup;
			children = (
				2B27C18421833D9500751D43 /* Companion */,
				2B27C19921833D9D00751D43 /* CompanionTests */,
				2B27C1A421833D9D00751D43 /* CompanionUITests */,
				2B27C18321833D9500751D43 /* Products */,
				17CA3504F8B2E17532B452CE /* Pods */,
				AF1A1863896465AE2FF41C1C /* Frameworks */,
			);
			sourceTree = "<group>";
		};
		2B27C18321833D9500751D43 /* Products */ = {
			isa = PBXGroup;
			children = (
				2B27C18221833D9500751D43 /* Companion.app */,
				2B27C19621833D9D00751D43 /* CompanionTests.xctest */,
				2B27C1A121833D9D00751D43 /* CompanionUITests.xctest */,
			);
			name = Products;
			sourceTree = "<group>";
		};
		2B27C18421833D9500751D43 /* Companion */ = {
			isa = PBXGroup;
			children = (
				2B27C18521833D9500751D43 /* AppDelegate.swift */,
				2B27C18721833D9500751D43 /* ViewController.swift */,
				2B27C18921833D9500751D43 /* Main.storyboard */,
				2B388E0A218729BC00E42435 /* ProfileViewController.swift */,
				2B388E082187048300E42435 /* 42ViewController.swift */,
				2B27C18C21833D9D00751D43 /* Assets.xcassets */,
				2B27C18E21833D9D00751D43 /* LaunchScreen.storyboard */,
				2B27C19121833D9D00751D43 /* Info.plist */,
				2B388E4A2187500D00E42435 /* SkillCell.swift */,
				2B69CD452188B36C00065ACB /* Auth.swift */,
				2B6EE7C2218C905400627445 /* User.swift */,
				2BD6032721906AB1003A0876 /* Skill.swift */,
				2BD6032D21907CFB003A0876 /* ProjectCell.swift */,
				2BD6032F219080F9003A0876 /* Project.swift */,
			);
			path = Companion;
			sourceTree = "<group>";
		};
		2B27C19921833D9D00751D43 /* CompanionTests */ = {
			isa = PBXGroup;
			children = (
				2B27C19A21833D9D00751D43 /* CompanionTests.swift */,
				2B27C19C21833D9D00751D43 /* Info.plist */,
			);
			path = CompanionTests;
			sourceTree = "<group>";
		};
		2B27C1A421833D9D00751D43 /* CompanionUITests */ = {
			isa = PBXGroup;
			children = (
				2B27C1A521833D9D00751D43 /* CompanionUITests.swift */,
				2B27C1A721833D9D00751D43 /* Info.plist */,
			);
			path = CompanionUITests;
			sourceTree = "<group>";
		};
		AF1A1863896465AE2FF41C1C /* Frameworks */ = {
			isa = PBXGroup;
			children = (
				119785EEB966639DE7C0E963 /* Pods_Companion.framework */,
				6A69C30CE8C442E9E7864C22 /* Pods_CompanionTests.framework */,
				3A25400FA6FA23B29A91A721 /* Pods_CompanionUITests.framework */,
			);
			name = Frameworks;
			sourceTree = "<group>";
		};
/* End PBXGroup section */

/* Begin PBXNativeTarget section */
		2B27C18121833D9500751D43 /* Companion */ = {
			isa = PBXNativeTarget;
			buildConfigurationList = 2B27C1AA21833D9D00751D43 /* Build configuration list for PBXNativeTarget "Companion" */;
			buildPhases = (
				8DC8A7B6C5B08EB95C5CE8FB /* [CP] Check Pods Manifest.lock */,
				2B27C17E21833D9500751D43 /* Sources */,
				2B27C17F21833D9500751D43 /* Frameworks */,
				2B27C18021833D9500751D43 /* Resources */,
				899B4FC7AE66E9C448349E91 /* [CP] Embed Pods Frameworks */,
			);
			buildRules = (
			);
			dependencies = (
			);
			name = Companion;
			productName = Companion;
			productReference = 2B27C18221833D9500751D43 /* Companion.app */;
			productType = "com.apple.product-type.application";
		};
		2B27C19521833D9D00751D43 /* CompanionTests */ = {
			isa = PBXNativeTarget;
			buildConfigurationList = 2B27C1AD21833D9D00751D43 /* Build configuration list for PBXNativeTarget "CompanionTests" */;
			buildPhases = (
				9A6DA5196273DE2856995940 /* [CP] Check Pods Manifest.lock */,
				2B27C19221833D9D00751D43 /* Sources */,
				2B27C19321833D9D00751D43 /* Frameworks */,
				2B27C19421833D9D00751D43 /* Resources */,
			);
			buildRules = (
			);
			dependencies = (
				2B27C19821833D9D00751D43 /* PBXTargetDependency */,
			);
			name = CompanionTests;
			productName = CompanionTests;
			productReference = 2B27C19621833D9D00751D43 /* CompanionTests.xctest */;
			productType = "com.apple.product-type.bundle.unit-test";
		};
		2B27C1A021833D9D00751D43 /* CompanionUITests */ = {
			isa = PBXNativeTarget;
			buildConfigurationList = 2B27C1B021833D9D00751D43 /* Build configuration list for PBXNativeTarget "CompanionUITests" */;
			buildPhases = (
				48D95D99987FCBAF9F04305E /* [CP] Check Pods Manifest.lock */,
				2B27C19D21833D9D00751D43 /* Sources */,
				2B27C19E21833D9D00751D43 /* Frameworks */,
				2B27C19F21833D9D00751D43 /* Resources */,
			);
			buildRules = (
			);
			dependencies = (
				2B27C1A321833D9D00751D43 /* PBXTargetDependency */,
			);
			name = CompanionUITests;
			productName = CompanionUITests;
			productReference = 2B27C1A121833D9D00751D43 /* CompanionUITests.xctest */;
			productType = "com.apple.product-type.bundle.ui-testing";
		};
/* End PBXNativeTarget section */

/* Begin PBXProject section */
		2B27C17A21833D9400751D43 /* Project object */ = {
			isa = PBXProject;
			attributes = {
				LastSwiftUpdateCheck = 0940;
				LastUpgradeCheck = 0940;
				ORGANIZATIONNAME = "William PHOKOMPE";
				TargetAttributes = {
					2B27C18121833D9500751D43 = {
						CreatedOnToolsVersion = 9.4.1;
					};
					2B27C19521833D9D00751D43 = {
						CreatedOnToolsVersion = 9.4.1;
						TestTargetID = 2B27C18121833D9500751D43;
					};
					2B27C1A021833D9D00751D43 = {
						CreatedOnToolsVersion = 9.4.1;
						TestTargetID = 2B27C18121833D9500751D43;
					};
				};
			};
			buildConfigurationList = 2B27C17D21833D9400751D43 /* Build configuration list for PBXProject "Companion" */;
			compatibilityVersion = "Xcode 9.3";
			developmentRegion = en;
			hasScannedForEncodings = 0;
			knownRegions = (
				en,
				Base,
			);
			mainGroup = 2B27C17921833D9400751D43;
			productRefGroup = 2B27C18321833D9500751D43 /* Products */;
			projectDirPath = "";
			projectRoot = "";
			targets = (
				2B27C18121833D9500751D43 /* Companion */,
				2B27C19521833D9D00751D43 /* CompanionTests */,
				2B27C1A021833D9D00751D43 /* CompanionUITests */,
			);
		};
/* End PBXProject section */

/* Begin PBXResourcesBuildPhase section */
		2B27C18021833D9500751D43 /* Resources */ = {
			isa = PBXResourcesBuildPhase;
			buildActionMask = 2147483647;
			files = (
				2B27C19021833D9D00751D43 /* LaunchScreen.storyboard in Resources */,
				2B27C18D21833D9D00751D43 /* Assets.xcassets in Resources */,
				2B27C18B21833D9500751D43 /* Main.storyboard in Resources */,
			);
			runOnlyForDeploymentPostprocessing = 0;
		};
		2B27C19421833D9D00751D43 /* Resources */ = {
			isa = PBXResourcesBuildPhase;
			buildActionMask = 2147483647;
			files = (
			);
			runOnlyForDeploymentPostprocessing = 0;
		};
		2B27C19F21833D9D00751D43 /* Resources */ = {
			isa = PBXResourcesBuildPhase;
			buildActionMask = 2147483647;
			files = (
			);
			runOnlyForDeploymentPostprocessing = 0;
		};
/* End PBXResourcesBuildPhase section */

/* Begin PBXShellScriptBuildPhase section */
		48D95D99987FCBAF9F04305E /* [CP] Check Pods Manifest.lock */ = {
			isa = PBXShellScriptBuildPhase;
			buildActionMask = 2147483647;
			files = (
			);
			inputPaths = (
				"${PODS_PODFILE_DIR_PATH}/Podfile.lock",
				"${PODS_ROOT}/Manifest.lock",
			);
			name = "[CP] Check Pods Manifest.lock";
			outputPaths = (
				"$(DERIVED_FILE_DIR)/Pods-CompanionUITests-checkManifestLockResult.txt",
			);
			runOnlyForDeploymentPostprocessing = 0;
			shellPath = /bin/sh;
			shellScript = "diff \"${PODS_PODFILE_DIR_PATH}/Podfile.lock\" \"${PODS_ROOT}/Manifest.lock\" > /dev/null\nif [ $? != 0 ] ; then\n    # print error to STDERR\n    echo \"error: The sandbox is not in sync with the Podfile.lock. Run 'pod install' or update your CocoaPods installation.\" >&2\n    exit 1\nfi\n# This output is used by Xcode 'outputs' to avoid re-running this script phase.\necho \"SUCCESS\" > \"${SCRIPT_OUTPUT_FILE_0}\"\n";
			showEnvVarsInLog = 0;
		};
		899B4FC7AE66E9C448349E91 /* [CP] Embed Pods Frameworks */ = {
			isa = PBXShellScriptBuildPhase;
			buildActionMask = 2147483647;
			files = (
			);
			inputPaths = (
				"${SRCROOT}/Pods/Target Support Files/Pods-Companion/Pods-Companion-frameworks.sh",
				"${BUILT_PRODUCTS_DIR}/Alamofire/Alamofire.framework",
				"${BUILT_PRODUCTS_DIR}/SwiftyJSON/SwiftyJSON.framework",
			);
			name = "[CP] Embed Pods Frameworks";
			outputPaths = (
				"${TARGET_BUILD_DIR}/${FRAMEWORKS_FOLDER_PATH}/Alamofire.framework",
				"${TARGET_BUILD_DIR}/${FRAMEWORKS_FOLDER_PATH}/SwiftyJSON.framework",
			);
			runOnlyForDeploymentPostprocessing = 0;
			shellPath = /bin/sh;
			shellScript = "\"${SRCROOT}/Pods/Target Support Files/Pods-Companion/Pods-Companion-frameworks.sh\"\n";
			showEnvVarsInLog = 0;
		};
		8DC8A7B6C5B08EB95C5CE8FB /* [CP] Check Pods Manifest.lock */ = {
			isa = PBXShellScriptBuildPhase;
			buildActionMask = 2147483647;
			files = (
			);
			inputPaths = (
				"${PODS_PODFILE_DIR_PATH}/Podfile.lock",
				"${PODS_ROOT}/Manifest.lock",
			);
			name = "[CP] Check Pods Manifest.lock";
			outputPaths = (
				"$(DERIVED_FILE_DIR)/Pods-Companion-checkManifestLockResult.txt",
			);
			runOnlyForDeploymentPostprocessing = 0;
			shellPath = /bin/sh;
			shellScript = "diff \"${PODS_PODFILE_DIR_PATH}/Podfile.lock\" \"${PODS_ROOT}/Manifest.lock\" > /dev/null\nif [ $? != 0 ] ; then\n    # print error to STDERR\n    echo \"error: The sandbox is not in sync with the Podfile.lock. Run 'pod install' or update your CocoaPods installation.\" >&2\n    exit 1\nfi\n# This output is used by Xcode 'outputs' to avoid re-running this script phase.\necho \"SUCCESS\" > \"${SCRIPT_OUTPUT_FILE_0}\"\n";
			showEnvVarsInLog = 0;
		};
		9A6DA5196273DE2856995940 /* [CP] Check Pods Manifest.lock */ = {
			isa = PBXShellScriptBuildPhase;
			buildActionMask = 2147483647;
			files = (
			);
			inputPaths = (
				"${PODS_PODFILE_DIR_PATH}/Podfile.lock",
				"${PODS_ROOT}/Manifest.lock",
			);
			name = "[CP] Check Pods Manifest.lock";
			outputPaths = (
				"$(DERIVED_FILE_DIR)/Pods-CompanionTests-checkManifestLockResult.txt",
			);
			runOnlyForDeploymentPostprocessing = 0;
			shellPath = /bin/sh;
			shellScript = "diff \"${PODS_PODFILE_DIR_PATH}/Podfile.lock\" \"${PODS_ROOT}/Manifest.lock\" > /dev/null\nif [ $? != 0 ] ; then\n    # print error to STDERR\n    echo \"error: The sandbox is not in sync with the Podfile.lock. Run 'pod install' or update your CocoaPods installation.\" >&2\n    exit 1\nfi\n# This output is used by Xcode 'outputs' to avoid re-running this script phase.\necho \"SUCCESS\" > \"${SCRIPT_OUTPUT_FILE_0}\"\n";
			showEnvVarsInLog = 0;
		};
/* End PBXShellScriptBuildPhase section */

/* Begin PBXSourcesBuildPhase section */
		2B27C17E21833D9500751D43 /* Sources */ = {
			isa = PBXSourcesBuildPhase;
			buildActionMask = 2147483647;
			files = (
				2B27C18821833D9500751D43 /* ViewController.swift in Sources */,
				2B388E0B218729BC00E42435 /* ProfileViewController.swift in Sources */,
				2B388E092187048300E42435 /* 42ViewController.swift in Sources */,
				2BD60330219080F9003A0876 /* Project.swift in Sources */,
				2BD6032E21907CFB003A0876 /* ProjectCell.swift in Sources */,
				2B27C18621833D9500751D43 /* AppDelegate.swift in Sources */,
				2B388E4B2187500D00E42435 /* SkillCell.swift in Sources */,
				2BD6032821906AB1003A0876 /* Skill.swift in Sources */,
				2B69CD462188B36C00065ACB /* Auth.swift in Sources */,
				2B6EE7C3218C905400627445 /* User.swift in Sources */,
			);
			runOnlyForDeploymentPostprocessing = 0;
		};
		2B27C19221833D9D00751D43 /* Sources */ = {
			isa = PBXSourcesBuildPhase;
			buildActionMask = 2147483647;
			files = (
				2B27C19B21833D9D00751D43 /* CompanionTests.swift in Sources */,
			);
			runOnlyForDeploymentPostprocessing = 0;
		};
		2B27C19D21833D9D00751D43 /* Sources */ = {
			isa = PBXSourcesBuildPhase;
			buildActionMask = 2147483647;
			files = (
				2B27C1A621833D9D00751D43 /* CompanionUITests.swift in Sources */,
			);
			runOnlyForDeploymentPostprocessing = 0;
		};
/* End PBXSourcesBuildPhase section */

/* Begin PBXTargetDependency section */
		2B27C19821833D9D00751D43 /* PBXTargetDependency */ = {
			isa = PBXTargetDependency;
			target = 2B27C18121833D9500751D43 /* Companion */;
			targetProxy = 2B27C19721833D9D00751D43 /* PBXContainerItemProxy */;
		};
		2B27C1A321833D9D00751D43 /* PBXTargetDependency */ = {
			isa = PBXTargetDependency;
			target = 2B27C18121833D9500751D43 /* Companion */;
			targetProxy = 2B27C1A221833D9D00751D43 /* PBXContainerItemProxy */;
		};
/* End PBXTargetDependency section */

/* Begin PBXVariantGroup section */
		2B27C18921833D9500751D43 /* Main.storyboard */ = {
			isa = PBXVariantGroup;
			children = (
				2B27C18A21833D9500751D43 /* Base */,
			);
			name = Main.storyboard;
			sourceTree = "<group>";
		};
		2B27C18E21833D9D00751D43 /* LaunchScreen.storyboard */ = {
			isa = PBXVariantGroup;
			children = (
				2B27C18F21833D9D00751D43 /* Base */,
			);
			name = LaunchScreen.storyboard;
			sourceTree = "<group>";
		};
/* End PBXVariantGroup section */

/* Begin XCBuildConfiguration section */
		2B27C1A821833D9D00751D43 /* Debug */ = {
			isa = XCBuildConfiguration;
			buildSettings = {
				ALWAYS_SEARCH_USER_PATHS = NO;
				CLANG_ANALYZER_NONNULL = YES;
				CLANG_ANALYZER_NUMBER_OBJECT_CONVERSION = YES_AGGRESSIVE;
				CLANG_CXX_LANGUAGE_STANDARD = "gnu++14";
				CLANG_CXX_LIBRARY = "libc++";
				CLANG_ENABLE_MODULES = YES;
				CLANG_ENABLE_OBJC_ARC = YES;
				CLANG_ENABLE_OBJC_WEAK = YES;
				CLANG_WARN_BLOCK_CAPTURE_AUTORELEASING = YES;
				CLANG_WARN_BOOL_CONVERSION = YES;
				CLANG_WARN_COMMA = YES;
				CLANG_WARN_CONSTANT_CONVERSION = YES;
				CLANG_WARN_DEPRECATED_OBJC_IMPLEMENTATIONS = YES;
				CLANG_WARN_DIRECT_OBJC_ISA_USAGE = YES_ERROR;
				CLANG_WARN_DOCUMENTATION_COMMENTS = YES;
				CLANG_WARN_EMPTY_BODY = YES;
				CLANG_WARN_ENUM_CONVERSION = YES;
				CLANG_WARN_INFINITE_RECURSION = YES;
				CLANG_WARN_INT_CONVERSION = YES;
				CLANG_WARN_NON_LITERAL_NULL_CONVERSION = YES;
				CLANG_WARN_OBJC_IMPLICIT_RETAIN_SELF = YES;
				CLANG_WARN_OBJC_LITERAL_CONVERSION = YES;
				CLANG_WARN_OBJC_ROOT_CLASS = YES_ERROR;
				CLANG_WARN_RANGE_LOOP_ANALYSIS = YES;
				CLANG_WARN_STRICT_PROTOTYPES = YES;
				CLANG_WARN_SUSPICIOUS_MOVE = YES;
				CLANG_WARN_UNGUARDED_AVAILABILITY = YES_AGGRESSIVE;
				CLANG_WARN_UNREACHABLE_CODE = YES;
				CLANG_WARN__DUPLICATE_METHOD_MATCH = YES;
				CODE_SIGN_IDENTITY = "iPhone Developer";
				COPY_PHASE_STRIP = NO;
				DEBUG_INFORMATION_FORMAT = dwarf;
				ENABLE_STRICT_OBJC_MSGSEND = YES;
				ENABLE_TESTABILITY = YES;
				GCC_C_LANGUAGE_STANDARD = gnu11;
				GCC_DYNAMIC_NO_PIC = NO;
				GCC_NO_COMMON_BLOCKS = YES;
				GCC_OPTIMIZATION_LEVEL = 0;
				GCC_PREPROCESSOR_DEFINITIONS = (
					"DEBUG=1",
					"$(inherited)",
				);
				GCC_WARN_64_TO_32_BIT_CONVERSION = YES;
				GCC_WARN_ABOUT_RETURN_TYPE = YES_ERROR;
				GCC_WARN_UNDECLARED_SELECTOR = YES;
				GCC_WARN_UNINITIALIZED_AUTOS = YES_AGGRESSIVE;
				GCC_WARN_UNUSED_FUNCTION = YES;
				GCC_WARN_UNUSED_VARIABLE = YES;
				IPHONEOS_DEPLOYMENT_TARGET = 11.4;
				MTL_ENABLE_DEBUG_INFO = YES;
				ONLY_ACTIVE_ARCH = YES;
				SDKROOT = iphoneos;
				SWIFT_ACTIVE_COMPILATION_CONDITIONS = DEBUG;
				SWIFT_OPTIMIZATION_LEVEL = "-Onone";
			};
			name = Debug;
		};
		2B27C1A921833D9D00751D43 /* Release */ = {
			isa = XCBuildConfiguration;
			buildSettings = {
				ALWAYS_SEARCH_USER_PATHS = NO;
				CLANG_ANALYZER_NONNULL = YES;
				CLANG_ANALYZER_NUMBER_OBJECT_CONVERSION = YES_AGGRESSIVE;
				CLANG_CXX_LANGUAGE_STANDARD = "gnu++14";
				CLANG_CXX_LIBRARY = "libc++";
				CLANG_ENABLE_MODULES = YES;
				CLANG_ENABLE_OBJC_ARC = YES;
				CLANG_ENABLE_OBJC_WEAK = YES;
				CLANG_WARN_BLOCK_CAPTURE_AUTORELEASING = YES;
				CLANG_WARN_BOOL_CONVERSION = YES;
				CLANG_WARN_COMMA = YES;
				CLANG_WARN_CONSTANT_CONVERSION = YES;
				CLANG_WARN_DEPRECATED_OBJC_IMPLEMENTATIONS = YES;
				CLANG_WARN_DIRECT_OBJC_ISA_USAGE = YES_ERROR;
				CLANG_WARN_DOCUMENTATION_COMMENTS = YES;
				CLANG_WARN_EMPTY_BODY = YES;
				CLANG_WARN_ENUM_CONVERSION = YES;
				CLANG_WARN_INFINITE_RECURSION = YES;
				CLANG_WARN_INT_CONVERSION = YES;
				CLANG_WARN_NON_LITERAL_NULL_CONVERSION = YES;
				CLANG_WARN_OBJC_IMPLICIT_RETAIN_SELF = YES;
				CLANG_WARN_OBJC_LITERAL_CONVERSION = YES;
				CLANG_WARN_OBJC_ROOT_CLASS = YES_ERROR;
				CLANG_WARN_RANGE_LOOP_ANALYSIS = YES;
				CLANG_WARN_STRICT_PROTOTYPES = YES;
				CLANG_WARN_SUSPICIOUS_MOVE = YES;
				CLANG_WARN_UNGUARDED_AVAILABILITY = YES_AGGRESSIVE;
				CLANG_WARN_UNREACHABLE_CODE = YES;
				CLANG_WARN__DUPLICATE_METHOD_MATCH = YES;
				CODE_SIGN_IDENTITY = "iPhone Developer";
				COPY_PHASE_STRIP = NO;
				DEBUG_INFORMATION_FORMAT = "dwarf-with-dsym";
				ENABLE_NS_ASSERTIONS = NO;
				ENABLE_STRICT_OBJC_MSGSEND = YES;
				GCC_C_LANGUAGE_STANDARD = gnu11;
				GCC_NO_COMMON_BLOCKS = YES;
				GCC_WARN_64_TO_32_BIT_CONVERSION = YES;
				GCC_WARN_ABOUT_RETURN_TYPE = YES_ERROR;
				GCC_WARN_UNDECLARED_SELECTOR = YES;
				GCC_WARN_UNINITIALIZED_AUTOS = YES_AGGRESSIVE;
				GCC_WARN_UNUSED_FUNCTION = YES;
				GCC_WARN_UNUSED_VARIABLE = YES;
				IPHONEOS_DEPLOYMENT_TARGET = 11.4;
				MTL_ENABLE_DEBUG_INFO = NO;
				SDKROOT = iphoneos;
				SWIFT_COMPILATION_MODE = wholemodule;
				SWIFT_OPTIMIZATION_LEVEL = "-O";
				VALIDATE_PRODUCT = YES;
			};
			name = Release;
		};
		2B27C1AB21833D9D00751D43 /* Debug */ = {
			isa = XCBuildConfiguration;
			baseConfigurationReference = 65D5EDF549D8F301A0D1BCA0 /* Pods-Companion.debug.xcconfig */;
			buildSettings = {
				ASSETCATALOG_COMPILER_APPICON_NAME = AppIcon;
				CODE_SIGN_STYLE = Automatic;
				INFOPLIST_FILE = Companion/Info.plist;
				LD_RUNPATH_SEARCH_PATHS = (
					"$(inherited)",
					"@executable_path/Frameworks",
				);
				PRODUCT_BUNDLE_IDENTIFIER = wphokomp.Companion;
				PRODUCT_NAME = "$(TARGET_NAME)";
				SWIFT_VERSION = 4.0;
				TARGETED_DEVICE_FAMILY = "1,2";
			};
			name = Debug;
		};
		2B27C1AC21833D9D00751D43 /* Release */ = {
			isa = XCBuildConfiguration;
			baseConfigurationReference = 4FDC9B2D867D423F2147ACE4 /* Pods-Companion.release.xcconfig */;
			buildSettings = {
				ASSETCATALOG_COMPILER_APPICON_NAME = AppIcon;
				CODE_SIGN_STYLE = Automatic;
				INFOPLIST_FILE = Companion/Info.plist;
				LD_RUNPATH_SEARCH_PATHS = (
					"$(inherited)",
					"@executable_path/Frameworks",
				);
				PRODUCT_BUNDLE_IDENTIFIER = wphokomp.Companion;
				PRODUCT_NAME = "$(TARGET_NAME)";
				SWIFT_VERSION = 4.0;
				TARGETED_DEVICE_FAMILY = "1,2";
			};
			name = Release;
		};
		2B27C1AE21833D9D00751D43 /* Debug */ = {
			isa = XCBuildConfiguration;
			baseConfigurationReference = BA2D40AD5060F990B30F7D8B /* Pods-CompanionTests.debug.xcconfig */;
			buildSettings = {
				ALWAYS_EMBED_SWIFT_STANDARD_LIBRARIES = YES;
				BUNDLE_LOADER = "$(TEST_HOST)";
				CODE_SIGN_STYLE = Automatic;
				INFOPLIST_FILE = CompanionTests/Info.plist;
				LD_RUNPATH_SEARCH_PATHS = (
					"$(inherited)",
					"@executable_path/Frameworks",
					"@loader_path/Frameworks",
				);
				PRODUCT_BUNDLE_IDENTIFIER = wphokomp.CompanionTests;
				PRODUCT_NAME = "$(TARGET_NAME)";
				SWIFT_VERSION = 4.0;
				TARGETED_DEVICE_FAMILY = "1,2";
				TEST_HOST = "$(BUILT_PRODUCTS_DIR)/Companion.app/Companion";
			};
			name = Debug;
		};
		2B27C1AF21833D9D00751D43 /* Release */ = {
			isa = XCBuildConfiguration;
			baseConfigurationReference = 859BA336DF7CEBFD17D77B12 /* Pods-CompanionTests.release.xcconfig */;
			buildSettings = {
				ALWAYS_EMBED_SWIFT_STANDARD_LIBRARIES = YES;
				BUNDLE_LOADER = "$(TEST_HOST)";
				CODE_SIGN_STYLE = Automatic;
				INFOPLIST_FILE = CompanionTests/Info.plist;
				LD_RUNPATH_SEARCH_PATHS = (
					"$(inherited)",
					"@executable_path/Frameworks",
					"@loader_path/Frameworks",
				);
				PRODUCT_BUNDLE_IDENTIFIER = wphokomp.CompanionTests;
				PRODUCT_NAME = "$(TARGET_NAME)";
				SWIFT_VERSION = 4.0;
				TARGETED_DEVICE_FAMILY = "1,2";
				TEST_HOST = "$(BUILT_PRODUCTS_DIR)/Companion.app/Companion";
			};
			name = Release;
		};
		2B27C1B121833D9D00751D43 /* Debug */ = {
			isa = XCBuildConfiguration;
			baseConfigurationReference = A8C8E1FFDBCDC53A54B0B947 /* Pods-CompanionUITests.debug.xcconfig */;
			buildSettings = {
				ALWAYS_EMBED_SWIFT_STANDARD_LIBRARIES = YES;
				CODE_SIGN_STYLE = Automatic;
				INFOPLIST_FILE = CompanionUITests/Info.plist;
				LD_RUNPATH_SEARCH_PATHS = (
					"$(inherited)",
					"@executable_path/Frameworks",
					"@loader_path/Frameworks",
				);
				PRODUCT_BUNDLE_IDENTIFIER = wphokomp.CompanionUITests;
				PRODUCT_NAME = "$(TARGET_NAME)";
				SWIFT_VERSION = 4.0;
				TARGETED_DEVICE_FAMILY = "1,2";
				TEST_TARGET_NAME = Companion;
			};
			name = Debug;
		};
		2B27C1B221833D9D00751D43 /* Release */ = {
			isa = XCBuildConfiguration;
			baseConfigurationReference = ABB92B960BACB6561F256928 /* Pods-CompanionUITests.release.xcconfig */;
			buildSettings = {
				ALWAYS_EMBED_SWIFT_STANDARD_LIBRARIES = YES;
				CODE_SIGN_STYLE = Automatic;
				INFOPLIST_FILE = CompanionUITests/Info.plist;
				LD_RUNPATH_SEARCH_PATHS = (
					"$(inherited)",
					"@executable_path/Frameworks",
					"@loader_path/Frameworks",
				);
				PRODUCT_BUNDLE_IDENTIFIER = wphokomp.CompanionUITests;
				PRODUCT_NAME = "$(TARGET_NAME)";
				SWIFT_VERSION = 4.0;
				TARGETED_DEVICE_FAMILY = "1,2";
				TEST_TARGET_NAME = Companion;
			};
			name = Release;
		};
/* End XCBuildConfiguration section */

/* Begin XCConfigurationList section */
		2B27C17D21833D9400751D43 /* Build configuration list for PBXProject "Companion" */ = {
			isa = XCConfigurationList;
			buildConfigurations = (
				2B27C1A821833D9D00751D43 /* Debug */,
				2B27C1A921833D9D00751D43 /* Release */,
			);
			defaultConfigurationIsVisible = 0;
			defaultConfigurationName = Release;
		};
		2B27C1AA21833D9D00751D43 /* Build configuration list for PBXNativeTarget "Companion" */ = {
			isa = XCConfigurationList;
			buildConfigurations = (
				2B27C1AB21833D9D00751D43 /* Debug */,
				2B27C1AC21833D9D00751D43 /* Release */,
			);
			defaultConfigurationIsVisible = 0;
			defaultConfigurationName = Release;
		};
		2B27C1AD21833D9D00751D43 /* Build configuration list for PBXNativeTarget "CompanionTests" */ = {
			isa = XCConfigurationList;
			buildConfigurations = (
				2B27C1AE21833D9D00751D43 /* Debug */,
				2B27C1AF21833D9D00751D43 /* Release */,
			);
			defaultConfigurationIsVisible = 0;
			defaultConfigurationName = Release;
		};
		2B27C1B021833D9D00751D43 /* Build configuration list for PBXNativeTarget "CompanionUITests" */ = {
			isa = XCConfigurationList;
			buildConfigurations = (
				2B27C1B121833D9D00751D43 /* Debug */,
				2B27C1B221833D9D00751D43 /* Release */,
			);
			defaultConfigurationIsVisible = 0;
			defaultConfigurationName = Release;
		};
/* End XCConfigurationList section */
	};
	rootObject = 2B27C17A21833D9400751D43 /* Project object */;
}
